
Microsoft Visual Studio Solution File, Format Version 12.00
# Visual Studio 15
VisualStudioVersion = 15.0.26430.14
MinimumVisualStudioVersion = 10.0.40219.1
Project("{FAE04EC0-301F-11D3-BF4B-00C04F79EFBC}") = "ContactApplication", "ContactApplication\ContactApplication.csproj", "{43232931-FCB8-45DB-9BBB-E4F52034559B}"
EndProject
Project("{FAE04EC0-301F-11D3-BF4B-00C04F79EFBC}") = "DataEntities", "DataEntities\DataEntities.csproj", "{BC9DD612-62DB-4FA0-91BA-8B07A63A757D}"
EndProject
Project("{FAE04EC0-301F-11D3-BF4B-00C04F79EFBC}") = "DataAccess", "DataAccess\DataAccess.csproj", "{8E91FC48-3710-4E53-8D4A-FACE088F0EEC}"
EndProject
Project("{FAE04EC0-301F-11D3-BF4B-00C04F79EFBC}") = "BusinessLogic", "BusinessLogic\BusinessLogic.csproj", "{15AD6F81-90FF-4F0C-A936-45E79301D6C4}"
EndProject
Project("{FAE04EC0-301F-11D3-BF4B-00C04F79EFBC}") = "ContactManagement", "ContactManagement\ContactManagement.csproj", "{CF648B06-662A-43AE-A1DC-2903794D28C9}"
EndProject
Global
	GlobalSection(SolutionConfigurationPlatforms) = preSolution
		Debug|Any CPU = Debug|Any CPU
		Release|Any CPU = Release|Any CPU
	EndGlobalSection
	GlobalSection(ProjectConfigurationPlatforms) = postSolution
		{43232931-FCB8-45DB-9BBB-E4F52034559B}.Debug|Any CPU.ActiveCfg = Debug|Any CPU
		{43232931-FCB8-45DB-9BBB-E4F52034559B}.Debug|Any CPU.Build.0 = Debug|Any CPU
		{43232931-FCB8-45DB-9BBB-E4F52034559B}.Release|Any CPU.ActiveCfg = Release|Any CPU
		{43232931-FCB8-45DB-9BBB-E4F52034559B}.Release|Any CPU.Build.0 = Release|Any CPU
		{BC9DD612-62DB-4FA0-91BA-8B07A63A757D}.Debug|Any CPU.ActiveCfg = Debug|Any CPU
		{BC9DD612-62DB-4FA0-91BA-8B07A63A757D}.Debug|Any CPU.Build.0 = Debug|Any CPU
		{BC9DD612-62DB-4FA0-91BA-8B07A63A757D}.Release|Any CPU.ActiveCfg = Release|Any CPU
		{BC9DD612-62DB-4FA0-91BA-8B07A63A757D}.Release|Any CPU.Build.0 = Release|Any CPU
		{8E91FC48-3710-4E53-8D4A-FACE088F0EEC}.Debug|Any CPU.ActiveCfg = Debug|Any CPU
		{8E91FC48-3710-4E53-8D4A-FACE088F0EEC}.Debug|Any CPU.Build.0 = Debug|Any CPU
		{8E91FC48-3710-4E53-8D4A-FACE088F0EEC}.Release|Any CPU.ActiveCfg = Release|Any CPU
		{8E91FC48-3710-4E53-8D4A-FACE088F0EEC}.Release|Any CPU.Build.0 = Release|Any CPU
		{15AD6F81-90FF-4F0C-A936-45E79301D6C4}.Debug|Any CPU.ActiveCfg = Debug|Any CPU
		{15AD6F81-90FF-4F0C-A936-45E79301D6C4}.Debug|Any CPU.Build.0 = Debug|Any CPU
		{15AD6F81-90FF-4F0C-A936-45E79301D6C4}.Release|Any CPU.ActiveCfg = Release|Any CPU
		{15AD6F81-90FF-4F0C-A936-45E79301D6C4}.Release|Any CPU.Build.0 = Release|Any CPU
		{CF648B06-662A-43AE-A1DC-2903794D28C9}.Debug|Any CPU.ActiveCfg = Debug|Any CPU
		{CF648B06-662A-43AE-A1DC-2903794D28C9}.Debug|Any CPU.Build.0 = Debug|Any CPU
		{CF648B06-662A-43AE-A1DC-2903794D28C9}.Release|Any CPU.ActiveCfg = Release|Any CPU
		{CF648B06-662A-43AE-A1DC-2903794D28C9}.Release|Any CPU.Build.0 = Release|Any CPU
	EndGlobalSection
	GlobalSection(SolutionProperties) = preSolution
		HideSolutionNode = FALSE
	EndGlobalSection
EndGlobal
